
Microsoft Visual Studio Solution File, Format Version 12.00
# Visual Studio Version 17
VisualStudioVersion = 17.0.31903.59
MinimumVisualStudioVersion = 10.0.40219.1
Project("{FAE04EC0-301F-11D3-BF4B-00C04F79EFBC}") = "KakaoTalkAdBlockPlus", "src\KakaoTalkAdBlockPlus\KakaoTalkAdBlockPlus.csproj", "{75F4FBF1-C656-46E9-AB31-67FC1B28F284}"
EndProject
Project("{FAE04EC0-301F-11D3-BF4B-00C04F79EFBC}") = "KakaoTalkAdBlockPlus.Tests", "tests\KakaoTalkAdBlockPlus.Tests\KakaoTalkAdBlockPlus.Tests.csproj", "{71E65A12-7195-4F9F-82F9-CE60473771A1}"
EndProject
Global
	GlobalSection(SolutionConfigurationPlatforms) = preSolution
		Debug|Any CPU = Debug|Any CPU
		Release|Any CPU = Release|Any CPU
	EndGlobalSection
	GlobalSection(ProjectConfigurationPlatforms) = postSolution
		{75F4FBF1-C656-46E9-AB31-67FC1B28F284}.Debug|Any CPU.ActiveCfg = Debug|Any CPU
		{75F4FBF1-C656-46E9-AB31-67FC1B28F284}.Debug|Any CPU.Build.0 = Debug|Any CPU
		{75F4FBF1-C656-46E9-AB31-67FC1B28F284}.Release|Any CPU.ActiveCfg = Release|Any CPU
		{75F4FBF1-C656-46E9-AB31-67FC1B28F284}.Release|Any CPU.Build.0 = Release|Any CPU
		{71E65A12-7195-4F9F-82F9-CE60473771A1}.Debug|Any CPU.ActiveCfg = Debug|Any CPU
		{71E65A12-7195-4F9F-82F9-CE60473771A1}.Debug|Any CPU.Build.0 = Debug|Any CPU
		{71E65A12-7195-4F9F-82F9-CE60473771A1}.Release|Any CPU.ActiveCfg = Release|Any CPU
		{71E65A12-7195-4F9F-82F9-CE60473771A1}.Release|Any CPU.Build.0 = Release|Any CPU
	EndGlobalSection
	GlobalSection(SolutionProperties) = preSolution
		HideSolutionNode = FALSE
	EndGlobalSection
	GlobalSection(ExtensibilityGlobals) = postSolution
		SolutionGuid = {8143AA1A-2468-4CDC-9BE1-0950546C092C}
	EndGlobalSection
EndGlobal
